#MicroXplorer Configuration settings - do not modify
PB13.GPIOParameters=GPIO_Label
PC7.GPIOParameters=GPIO_Label
RCC.USART1Freq_Value=16000000
USART2.IPParameters=VirtualMode-Asynchronous,WordLength
RCC.TIM17Freq_Value=72000000
RCC.PLLCLKFreq_Value=96000000
PG0.Locked=true
PC12.Signal=UART5_TX
PB14.GPIO_Label=LD3 [Red]
USART1.WordLength=WORDLENGTH_8B
PG6.GPIO_Label=USB_PowerSwitchOn [STMPS2151STR_EN]
PA14.GPIO_Label=TCK
RCC.PLLQCLKFreq_Value=96000000
PC7.Locked=true
PG3.GPIOParameters=GPIO_Label,GPIO_ModeDefaultOutputPP
PG0.Signal=GPIO_Output
PC6.GPIO_Label=LD_BEAM_EN
RCC.RTCFreq_Value=32000
USART1.IPParameters=VirtualMode-Asynchronous,WordLength
PB13.Signal=ETH_TXD1
PG13.Signal=ETH_TXD0
PG2.GPIOParameters=GPIO_Label,GPIO_ModeDefaultOutputPP
PinOutPanel.RotationAngle=270
RCC.MCO1PinFreq_Value=16000000
SH.GPXTI13.0=GPIO_EXTI13
RCC.LPTIM1Freq_Value=8000000
NVIC.SVCall_IRQn=true\:0\:0\:false\:false\:false\:false\:true\:false
PG15.GPIO_Label=_ESTOP2
RCC.LCDTFTFreq_Value=48000000
RCC.I2C4Freq_Value=8000000
PG2.GPIO_ModeDefaultOutputPP=GPIO_MODE_OUTPUT_PP
RCC.APB2TimFreq_Value=16000000
PC7.Signal=GPIO_Output
PH1/OSC_OUT.Signal=RCC_OSC_OUT
RCC.SAI2Freq_Value=96000000
USART6.VirtualMode-Asynchronous=VM_ASYNC
PE1.Signal=UART8_TX
PF10.GPIO_Label=ESTOPPED
PB13.Locked=true
RCC.USART3Freq_Value=8000000
RCC.PLLSAIRCLKFreq_Value=96000000
ProjectManager.ProjectBuild=false
PG13.Locked=true
NVIC.UsageFault_IRQn=true\:0\:0\:false\:false\:false\:false\:true\:false
PB3.Mode=Trace_Asynchronous_SW
PA8.Locked=true
PF1.GPIO_Label=PCB_ID1
USART6.WordLength=WORDLENGTH_8B
PG14.Mode=Asynchronous
PH0/OSC_IN.Locked=true
PG1.GPIOParameters=GPIO_Label,GPIO_ModeDefaultOutputPP
ProjectManager.FirmwarePackage=STM32Cube FW_F7 V1.14.0
MxDb.Version=DB.5.0.60
ProjectManager.BackupPrevious=false
PC4.GPIO_Label=RMII_RXD0 [LAN8742A-CZ-TR_RXD0]
PG12.GPIOParameters=GPIO_Label
PH1/OSC_OUT.Locked=true
PF10.Locked=true
PA8.Signal=USB_OTG_FS_SOF
PF2.Locked=true
NVIC.PendSV_IRQn=true\:15\:0\:false\:false\:false\:true\:true\:false
PC15/OSC32_OUT.Locked=true
PF3.Signal=GPIO_Input
VP_FREERTOS_VS_CMSIS_V1.Mode=CMSIS_V1
PG0.GPIO_PuPd=GPIO_NOPULL
ProjectManager.HalAssertFull=false
RCC.TIM1Freq_Value=72000000
RCC.PLLMCOFreq_Value=72000000
RCC.MCO2PinFreq_Value=16000000
Mcu.Package=LQFP144
RCC.TIM15Freq_Value=72000000
NVIC.TimeBase=TIM1_UP_TIM10_IRQn
PG13.GPIOParameters=GPIO_Label
RCC.ADC34outputFreq_Value=72000000
PA14.Locked=true
NVIC.TimeBaseIP=TIM1
PA10.Signal=USART1_RX
FREERTOS.FootprintOK=true
RCC.DFSDMFreq_Value=16000000
PB14.GPIOParameters=GPIO_Label
UART4.WordLength=WORDLENGTH_8B
RCC.CECFreq_Value=32786.88524590164
RCC.APB1TimFreq_Value=16000000
NVIC.BusFault_IRQn=true\:0\:0\:false\:false\:false\:false\:true\:false
ProjectManager.CustomerFirmwarePackage=
PC4.GPIOParameters=GPIO_Label
RCC.PLLSAIQCLKFreq_Value=96000000
PG12.Signal=GPIO_Input
RCC.PLLQoutputFreq_Value=96000000
ProjectManager.ProjectFileName=f767zi.ioc
RCC.ADC12outputFreq_Value=72000000
FREERTOS.Tasks01=defaultTask,0,128,StartDefaultTask,Default,NULL
PA15.GPIOParameters=GPIO_Label
Mcu.PinsNb=60
PC11.Locked=true
PC13.Locked=true
PG9.Locked=true
PG9.Signal=USART6_RX
PG3.Locked=true
PC13.Signal=GPXTI13
PE1.Mode=Asynchronous
PG9.Mode=Asynchronous
PC6.Signal=GPIO_Output
PA11.GPIO_Label=USB_DM
UART7.WordLength=WORDLENGTH_8B
RCC.UART8Freq_Value=8000000
PB14.Locked=true
RCC.APB1CLKDivider=RCC_HCLK_DIV2
PC11.GPIOParameters=GPIO_Label
PG14.Locked=true
PG13.GPIO_Label=RMII_TXD0 [LAN8742A-CZ-TR_TXD0]
PG10.Signal=GPIO_Output
PG10.Locked=true
RCC.WatchDogFreq_Value=32000
PE8.Mode=Asynchronous
PA3.Mode=Asynchronous
PA11.Locked=true
PA15.Locked=true
PA8.GPIO_Label=USB_SOF [TP1]
Mcu.Pin59=VP_SYS_VS_tim1
Mcu.Pin57=PE1
Mcu.Pin58=VP_FREERTOS_VS_CMSIS_V1
Mcu.Pin51=PG13
RCC.USART6Freq_Value=16000000
Mcu.Pin52=PG14
Mcu.Pin50=PG12
Mcu.Pin55=PB7
Mcu.Pin56=PE0
Mcu.Pin53=PG15
Mcu.Pin54=PB3
PC6.Locked=true
PA9.Signal=USART1_TX
Mcu.Pin48=PG10
Mcu.Pin49=PG11
Mcu.Pin46=PD2
Mcu.Pin47=PG9
PB10.Signal=USART3_TX
PA0/WKUP.Mode=Asynchronous
PF3.GPIOParameters=GPIO_Label
PG6.GPIOParameters=GPIO_Label
PB14.Signal=GPIO_Output
Mcu.Pin40=PA13
Mcu.Pin41=PA14
Mcu.Pin44=PC11
PC12.Mode=Asynchronous
Mcu.Pin45=PC12
Mcu.Pin42=PA15
Mcu.Pin43=PC10
ProjectManager.LastFirmware=true
PF2.GPIOParameters=GPIO_Label
PA1.Mode=Asynchronous
Mcu.Pin37=PA10
Mcu.Pin38=PA11
RCC.PRESCALERUSB=RCC_USBCLKSOURCE_PLL_DIV1_5
Mcu.Pin35=PA8
RCC.I2C1Freq_Value=8000000
PE8.Signal=UART7_TX
Mcu.Pin36=PA9
VP_SYS_VS_tim1.Signal=SYS_VS_tim1
RCC.PLLI2SPCLKFreq_Value=96000000
PG7.GPIO_Label=USB_OverCurrent [STMPS2151STR_FAULT]
Mcu.Pin39=PA12
RCC.RNGFreq_Value=96000000
Mcu.Pin30=PG7
RCC.EthernetFreq_Value=16000000
PF11.Locked=true
Mcu.Pin33=PC8
Mcu.Pin34=PC9
Mcu.Pin31=PC6
Mcu.Pin32=PC7
PA9.Locked=true
NVIC.NonMaskableInt_IRQn=true\:0\:0\:false\:false\:false\:false\:true\:false
PC10.GPIOParameters=GPIO_Label
PE7.Locked=true
PA13.Mode=Trace_Asynchronous_SW
ProjectManager.FreePins=false
PC9.GPIOParameters=GPIO_Label
RCC.PLLI2SQCLKFreq_Value=96000000
Mcu.Pin26=PB14
Mcu.Pin27=PG2
RCC.RTCHSEDivFreq_Value=4000000
Mcu.Pin24=PB11
ProjectManager.UnderRoot=false
Mcu.Pin25=PB13
Mcu.Pin28=PG3
PC7.GPIO_Label=LD_MTR_EN
Mcu.Pin29=PG6
Mcu.Pin22=PE8
Mcu.Pin23=PB10
PG15.GPIOParameters=GPIO_Label
Mcu.Pin20=PG1
Mcu.Pin21=PE7
PA10.Locked=true
NVIC.ForceEnableDMAVector=true
PA14.GPIOParameters=GPIO_Label
PC14/OSC32_IN.Locked=true
NVIC.MemoryManagement_IRQn=true\:0\:0\:false\:false\:false\:false\:true\:false
ProjectManager.CompilerOptimize=6
PA11.Signal=USB_OTG_FS_DM
ProjectManager.HeapSize=0x200
Mcu.Pin15=PA7
NVIC.HardFault_IRQn=true\:0\:0\:false\:false\:false\:false\:true\:false
Mcu.Pin16=PC4
Mcu.Pin13=PA2
UART7.IPParameters=WordLength
Mcu.Pin14=PA3
PF10.GPIOParameters=GPIO_Label
Mcu.Pin19=PG0
NVIC.TIM1_UP_TIM10_IRQn=true\:0\:0\:false\:false\:true\:false\:false\:true
ProjectManager.ComputerToolchain=false
Mcu.Pin17=PC5
Mcu.Pin18=PF11
RCC.TIM3Freq_Value=72000000
NVIC.PriorityGroup=NVIC_PRIORITYGROUP_4
Mcu.Pin11=PA0/WKUP
PF0.GPIO_Label=PCB_ID0
Mcu.Pin12=PA1
PG0.GPIOParameters=GPIO_PuPd,GPIO_Label,GPIO_ModeDefaultOutputPP
Mcu.Pin10=PC1
PF3.Locked=true
PC15/OSC32_OUT.Signal=RCC_OSC32_OUT
PG3.GPIO_Label=LED3
PD2.Signal=UART5_RX
RCC.I2C2Freq_Value=8000000
RCC.SDMMC2Freq_Value=16000000
PA7.GPIOParameters=GPIO_Label
PC1.Signal=ETH_MDC
PG10.GPIO_Label=_ESTOP0
PG7.GPIOParameters=GPIO_Label
PH0/OSC_IN.GPIOParameters=GPIO_Label
PG15.Locked=true
Mcu.Family=STM32F7
ProjectManager.MainLocation=Src
RCC.MCOFreq_Value=72000000
RCC.SAI1Freq_Value=96000000
RCC.CortexFreq_Value=16000000
PG6.Signal=GPIO_Output
ProjectManager.KeepUserCode=true
Mcu.UserName=STM32F767ZITx
UART8.IPParameters=WordLength
PG2.Signal=GPIO_Output
PC10.Locked=true
PG6.Locked=true
PC10.Signal=GPIO_Output
PG2.Locked=true
PC5.Locked=true
RCC.SYSCLKSourceVirtual=RCC_SYSCLKSOURCE_PLLCLK
PF0.GPIOParameters=GPIO_Label
PA12.GPIOParameters=GPIO_Label
ProjectManager.functionlistsort=1-MX_GPIO_Init-GPIO-false-HAL-true,2-SystemClock_Config-RCC-false-HAL-true,3-MX_CORTEX_M7_Init-CORTEX_M7-false-HAL-true,4-MX_USART1_UART_Init-USART1-false-HAL-true,5-MX_USART2_UART_Init-USART2-false-HAL-true,6-MX_UART4_Init-UART4-false-HAL-true,7-MX_UART5_Init-UART5-false-HAL-true,8-MX_UART7_Init-UART7-false-HAL-true,9-MX_UART8_Init-UART8-false-HAL-true,10-MX_USART6_UART_Init-USART6-false-HAL-true
PA9.GPIOParameters=GPIO_PuPd,GPIO_Mode
PA11.GPIOParameters=GPIO_Label
PC9.Locked=true
PA0/WKUP.Signal=UART4_TX
RCC.PLLI2SRCLKFreq_Value=96000000
RCC.USART2Freq_Value=8000000
PD2.Locked=true
PC13.GPIO_Label=USER_Btn [B1]
PC1.Locked=true
PB13.GPIO_Label=RMII_TXD1 [LAN8742A-CZ-TR_TXD1]
PB11.Signal=USART3_RX
PG11.Signal=GPIO_Output
PG15.Signal=GPIO_Input
ProjectManager.StackSize=0x400
RCC.I2C3Freq_Value=8000000
Mcu.IP4=SYS
RCC.FCLKCortexFreq_Value=16000000
Mcu.IP5=UART4
Mcu.IP2=NVIC
Mcu.IP3=RCC
PA15.GPIO_Label=_ESTOP_RESET
Mcu.IP0=CORTEX_M7
PA12.Locked=true
Mcu.IP1=FREERTOS
PA12.Signal=USB_OTG_FS_DP
Mcu.UserConstants=
PC1.GPIOParameters=GPIO_Label
PF1.GPIOParameters=GPIO_Label
RCC.SDMMCFreq_Value=16000000
SH.GPXTI13.ConfNb=1
Mcu.ThirdPartyNb=0
RCC.HCLKFreq_Value=16000000
PG3.GPIO_ModeDefaultOutputPP=GPIO_MODE_OUTPUT_PP
Mcu.IPNb=12
RCC.I2SClocksFreq_Value=48000000
RCC.PLLI2SRoutputFreq_Value=96000000
ProjectManager.PreviousToolchain=
PF1.Locked=true
RCC.SPDIFRXFreq_Value=96000000
RCC.VcooutputI2S=48000000
PF11.GPIO_Label=_ESTOP_BUS
PA8.GPIOParameters=GPIO_Label
Mcu.Pin6=PF3
Mcu.Pin7=PF10
Mcu.Pin8=PH0/OSC_IN
Mcu.Pin9=PH1/OSC_OUT
RCC.VCOSAIOutputFreq_Value=192000000
FREERTOS.IPParameters=Tasks01,FootprintOK
RCC.AHBFreq_Value=16000000
RCC.TIM2Freq_Value=72000000
Mcu.Pin0=PC13
Mcu.Pin1=PC14/OSC32_IN
PG0.GPIO_ModeDefaultOutputPP=GPIO_MODE_OUTPUT_PP
Mcu.Pin2=PC15/OSC32_OUT
PA9.GPIO_Mode=GPIO_MODE_AF_PP
Mcu.Pin3=PF0
Mcu.Pin4=PF1
Mcu.Pin5=PF2
RCC.HSE_VALUE=16000000
NVIC.DebugMonitor_IRQn=true\:0\:0\:false\:false\:false\:false\:true\:false
Mcu.IP10=USART2
USART2.VirtualMode-Asynchronous=VM_ASYNC
NVIC.SysTick_IRQn=true\:15\:0\:false\:false\:false\:true\:true\:true
RCC.PLLMUL=RCC_PLL_MUL9
Mcu.IP11=USART6
RCC.VCOInputFreq_Value=1000000
PA14.Mode=Trace_Asynchronous_SW
PE8.Locked=true
VP_SYS_VS_tim1.Mode=TIM1
PF11.Signal=GPIO_Input
PC11.GPIO_Label=LDR_RX
File.Version=6
PB3.GPIOParameters=GPIO_Label
UART8.WordLength=WORDLENGTH_8B
PB7.Signal=GPIO_Output
PF11.GPIOParameters=GPIO_Label
ProjectManager.ProjectName=f767zi
PA13.GPIOParameters=GPIO_Label
PB7.GPIO_Label=LD2 [Blue]
PA7.Locked=true
PG11.Locked=true
PC14/OSC32_IN.Signal=RCC_OSC32_IN
ProjectManager.ToolChainLocation=
RCC.LSI_VALUE=32000
PA15.Signal=GPIO_Output
PG0.GPIO_Label=LED0
UART5.IPParameters=WordLength
USART2.WordLength=WORDLENGTH_8B
RCC.TIM16Freq_Value=72000000
PC4.Locked=true
PG11.GPIO_Label=STBY
PF0.Signal=GPIO_Input
PC5.Signal=ETH_RXD1
PE7.Signal=UART7_RX
PF3.GPIO_Label=PCB_ID3
PB3.Locked=true
PG2.GPIO_Label=LED2
PA3.Signal=USART2_RX
PA2.Locked=true
PB3.GPIO_Label=SW0
RCC.I2SFreq_Value=96000000
PG7.Locked=true
PG7.Signal=GPIO_Input
RCC.UART7Freq_Value=8000000
UART4.IPParameters=WordLength
PC10.GPIO_Label=LDR_TX
PA10.Mode=Asynchronous
PC9.GPIO_Label=_LPWR_DISABLE
ProjectManager.NoMain=false
PG3.Signal=GPIO_Output
USART6.IPParameters=VirtualMode-Asynchronous,WordLength
PG1.Signal=GPIO_Output
PG1.Locked=true
PC11.Signal=GPIO_Input
PC8.Signal=S_TIM3_CH3
PC4.Signal=ETH_RXD0
ProjectManager.DefaultFWLocation=true
ProjectManager.DeletePrevious=true
PB10.Locked=true
RCC.LCDTFToutputFreq_Value=24000000
boardIOC=true
SH.S_TIM3_CH3.0=TIM3_CH3
PA9.GPIO_PuPd=GPIO_PULLUP
PA12.GPIO_Label=USB_DP
RCC.FamilyName=M
USART1.VirtualMode-Asynchronous=VM_ASYNC
PA13.Signal=SYS_JTMS-SWDIO
VP_FREERTOS_VS_CMSIS_V1.Signal=FREERTOS_VS_CMSIS_V1
PA9.Mode=Asynchronous
ProjectManager.TargetToolchain=Makefile
SH.S_TIM3_CH3.ConfNb=1
PB7.GPIOParameters=GPIO_Label
PC5.GPIOParameters=GPIO_Label
PF2.Signal=GPIO_Input
PG10.GPIOParameters=GPIO_Label
PG1.GPIO_ModeDefaultOutputPP=GPIO_MODE_OUTPUT_PP
RCC.USBFreq_Value=96000000
RCC.PLLSAIoutputFreq_Value=96000000
RCC.LSE_VALUE=32768
PA1.Signal=UART4_RX
RCC.VCOI2SOutputFreq_Value=192000000
PD2.Mode=Asynchronous
PG14.Signal=USART6_TX
RCC.PLLSAIPCLKFreq_Value=96000000
board=NUCLEO-F767ZI
RCC.VCOOutputFreq_Value=192000000
UART5.WordLength=WORDLENGTH_8B
PG1.GPIO_Label=LED1
RCC.VCOOutput2Freq_Value=8000000
PH0/OSC_IN.Signal=RCC_OSC_IN
RCC.APB2Freq_Value=16000000
RCC.TIM8Freq_Value=72000000
RCC.UART4Freq_Value=8000000
MxCube.Version=5.6.0
PC13.GPIOParameters=GPIO_Label
PF10.Signal=GPIO_Input
PC1.GPIO_Label=RMII_MDC [LAN8742A-CZ-TR_MDC]
PF0.Locked=true
PF1.Signal=GPIO_Input
RCC.UART5Freq_Value=8000000
RCC.IPParameters=48MHZClocksFreq_Value,ADC12outputFreq_Value,ADC34outputFreq_Value,AHBFreq_Value,APB1CLKDivider,APB1Freq_Value,APB1TimFreq_Value,APB2Freq_Value,APB2TimFreq_Value,CECFreq_Value,CortexFreq_Value,DFSDMFreq_Value,EthernetFreq_Value,FCLKCortexFreq_Value,FamilyName,HCLKFreq_Value,HSE_VALUE,HSI_VALUE,I2C1Freq_Value,I2C2Freq_Value,I2C3Freq_Value,I2C4Freq_Value,I2SClocksFreq_Value,I2SFreq_Value,LCDTFTFreq_Value,LCDTFToutputFreq_Value,LPTIM1Freq_Value,LSE_VALUE,LSI_VALUE,MCO1PinFreq_Value,MCO2PinFreq_Value,MCOFreq_Value,PLLCLKFreq_Value,PLLI2SPCLKFreq_Value,PLLI2SQCLKFreq_Value,PLLI2SRCLKFreq_Value,PLLI2SRoutputFreq_Value,PLLMCOFreq_Value,PLLMUL,PLLQCLKFreq_Value,PLLQoutputFreq_Value,PLLSAIPCLKFreq_Value,PLLSAIQCLKFreq_Value,PLLSAIRCLKFreq_Value,PLLSAIoutputFreq_Value,PRESCALERUSB,RNGFreq_Value,RTCFreq_Value,RTCHSEDivFreq_Value,SAI1Freq_Value,SAI2Freq_Value,SDMMC2Freq_Value,SDMMCFreq_Value,SPDIFRXFreq_Value,SYSCLKFreq_VALUE,SYSCLKSourceVirtual,TIM15Freq_Value,TIM16Freq_Value,TIM17Freq_Value,TIM1Freq_Value,TIM20Freq_Value,TIM2Freq_Value,TIM3Freq_Value,TIM8Freq_Value,UART4Freq_Value,UART5Freq_Value,UART7Freq_Value,UART8Freq_Value,USART1Freq_Value,USART2Freq_Value,USART3Freq_Value,USART6Freq_Value,USBFreq_Value,VCOI2SOutputFreq_Value,VCOInputFreq_Value,VCOOutput2Freq_Value,VCOOutputFreq_Value,VCOSAIOutputFreq_Value,VcooutputI2S,WatchDogFreq_Value
ProjectManager.AskForMigrate=true
Mcu.Name=STM32F767ZITx
PE0.Signal=UART8_RX
PA2.Signal=USART2_TX
PA13.GPIO_Label=TMS
Mcu.IP8=UART8
Mcu.IP9=USART1
Mcu.IP6=UART5
Mcu.IP7=UART7
ProjectManager.CoupleFile=false
RCC.48MHZClocksFreq_Value=24000000
PB3.Signal=SYS_JTDO-SWO
RCC.SYSCLKFreq_VALUE=16000000
PE7.Mode=Asynchronous
PA7.GPIO_Label=RMII_CRS_DV [LAN8742A-CZ-TR_CRS_DV]
PA1.Locked=true
KeepUserPlacement=true
PG12.Locked=true
PC5.GPIO_Label=RMII_RXD1 [LAN8742A-CZ-TR_RXD1]
PA13.Locked=true
PA14.Signal=SYS_JTCK-SWCLK
PC6.GPIOParameters=GPIO_Label
PG12.GPIO_Label=_ESTOP1
RCC.TIM20Freq_Value=72000000
RCC.HSI_VALUE=16000000
PH0/OSC_IN.GPIO_Label=MCO [STM32F103CBT6_PA8]
PB7.Locked=true
PA2.Mode=Asynchronous
PC8.Locked=true
PC9.Signal=GPIO_Output
RCC.APB1Freq_Value=8000000
PB11.Locked=true
ProjectManager.DeviceId=STM32F767ZITx
PE0.Mode=Asynchronous
ProjectManager.LibraryCopy=0
PG11.GPIOParameters=GPIO_Label
PA7.Signal=ETH_CRS_DV
PF2.GPIO_Label=PCB_ID2
