#MicroXplorer Configuration settings - do not modify
PF7.GPIOParameters=GPIO_Label
PB13.GPIOParameters=GPIO_Label
PD12.GPIO_Label=LQUAD_A
PC7.GPIOParameters=GPIO_Label
RCC.USART1Freq_Value=96000000
VP_SYS_VS_tim6.Mode=TIM6
RCC.TIM17Freq_Value=72000000
SPI3.Direction=SPI_DIRECTION_2LINES
SPI3.VirtualType=VM_MASTER
PE11.GPIOParameters=GPIO_Label
NVIC.TIM6_DAC_IRQn=true\:0\:0\:false\:false\:true\:false\:true
PC12.Locked=true
RCC.PLLCLKFreq_Value=96000000
PC12.Signal=GPIO_Output
PB14.GPIO_Label=LD3 [Red]
PG6.GPIO_Label=USB_PowerSwitchOn [STMPS2151STR_EN]
PA14.GPIO_Label=SWCLK
RCC.PLLQCLKFreq_Value=48000000
PC7.Locked=true
PD3.GPIOParameters=GPIO_Label
PD8.Locked=true
PC6.GPIO_Label=RQUAD_A
PC3.Locked=true
RCC.RTCFreq_Value=32000
PA3.GPIOParameters=GPIO_Label
PA6.GPIO_Label=D12_MISO
PB6.GPIO_Label=SBC_RX
PD0.Locked=true
PD2.GPIOParameters=GPIO_Label
PG14.GPIOParameters=GPIO_Label
SH.S_TIM1_CH1.ConfNb=1
SH.S_TIM4_CH4.ConfNb=1
PB13.Signal=UART5_TX
PD6.GPIO_Label=WOW_TX
PG13.Signal=ETH_TXD0
PA2.GPIOParameters=GPIO_Label
PinOutPanel.RotationAngle=90
TIM3.Channel-PWM\ Generation4\ CH4=TIM_CHANNEL_4
PE6.GPIO_Label=DIO_MOSI
RCC.MCO1PinFreq_Value=16000000
RCC.SYSCLKSource=RCC_SYSCLKSOURCE_PLLCLK
SH.GPXTI13.0=GPIO_EXTI13
USART3.VirtualMode-Asynchronous=VM_ASYNC
RCC.LPTIM1Freq_Value=48000000
NVIC.SVCall_IRQn=true\:0\:0\:false\:false\:true\:true\:false
PD15.GPIOParameters=GPIO_Label
SH.S_TIM3_CH2.ConfNb=1
PF7.Signal=UART7_TX
RCC.LCDTFTFreq_Value=96000000
SPI3.VirtualNSS=VM_NSSHARD
RCC.I2C4Freq_Value=48000000
TIM2.IPParameters=Channel-PWM Generation3 CH3,Channel-PWM Generation4 CH4,Prescaler,Period,Channel-PWM Generation1 CH1
RCC.APB2TimFreq_Value=96000000
PB6.Signal=USART1_TX
PC7.Signal=S_TIM8_CH2
PH1/OSC_OUT.Signal=RCC_OSC_OUT
PC3.Signal=ADCx_IN13
PD0.Signal=GPIO_Input
RCC.SAI2Freq_Value=192000000
PD8.Signal=USART3_TX
VP_TIM2_VS_ClockSourceINT.Signal=TIM2_VS_ClockSourceINT
PE5.Signal=SPI4_MISO
PE10.Locked=true
PE1.Signal=LPTIM1_IN2
PF10.GPIO_Label=A5_SCL
PB13.Locked=true
PE14.Locked=true
RCC.USART3Freq_Value=48000000
RCC.PLLSAIRCLKFreq_Value=192000000
ProjectManager.ProjectBuild=false
PG13.Locked=true
NVIC.UsageFault_IRQn=true\:0\:0\:false\:false\:true\:true\:false
PB2.Signal=SPI3_MOSI
PA8.Locked=true
PA4.Locked=true
PF1.GPIO_Label=MISC_SCL
PD1.GPIOParameters=GPIO_Label
PD1.GPIO_Label=INT1
PB12.GPIO_Label=LIDAR_TX
PH0/OSC_IN.Locked=true
ProjectManager.FirmwarePackage=STM32Cube FW_F7 V1.16.1
MxDb.Version=DB.6.0.20
PB0.GPIOParameters=GPIO_Label
PE15.Locked=true
PE0.GPIOParameters=GPIO_Label
PA1.GPIOParameters=GPIO_Label
ProjectManager.BackupPrevious=false
PC4.GPIO_Label=RMII_RXD0 [LAN8742A-CZ-TR_RXD0]
PE9.Signal=S_TIM1_CH1
PE9.Locked=true
PB1.GPIO_Label=RMOTOR_CTL2
PH1/OSC_OUT.Locked=true
PE4.GPIO_Label=DIO_NSS
PF10.Locked=true
ADC3.IPParameters=Rank-0\#ChannelRegularConversion,Channel-0\#ChannelRegularConversion,SamplingTime-0\#ChannelRegularConversion,NbrOfConversionFlag
SH.S_TIM4_CH2.0=TIM4_CH2
PE2.Signal=SPI4_SCK
PF8.Mode=IN6
PA8.Signal=I2C3_SCL
PE1.Locked=true
PB6.Locked=true
NVIC.PendSV_IRQn=true\:0\:0\:false\:false\:true\:true\:false
PC15/OSC32_OUT.Locked=true
PF3.Signal=ADC3_IN9
PE10.Signal=GPIO_Input
ProjectManager.HalAssertFull=false
SH.S_TIM8_CH1.ConfNb=1
RCC.TIM1Freq_Value=72000000
RCC.PLLMCOFreq_Value=72000000
RCC.MCO2PinFreq_Value=96000000
PC8.GPIOParameters=GPIO_Label
Mcu.Package=LQFP144
PB9.Signal=GPIO_Input
TIM2.Prescaler=SERVO_PRESCALER
PF8.GPIOParameters=GPIO_Label
PB1.Signal=S_TIM3_CH4
RCC.TIM15Freq_Value=72000000
PA5.Locked=true
NVIC.TimeBase=TIM6_DAC_IRQn
SPI3.Mode=SPI_MODE_MASTER
PG13.GPIOParameters=GPIO_Label
RCC.ADC34outputFreq_Value=72000000
PE10.GPIOParameters=GPIO_Label
PD12.Signal=LPTIM1_IN1
PA14.Locked=true
PD5.GPIOParameters=GPIO_Label
ADC3.Rank-0\#ChannelRegularConversion=1
NVIC.TimeBaseIP=TIM6
USART3.IPParameters=VirtualMode-Asynchronous
PA10.Signal=USB_OTG_FS_ID
PE12.GPIO_Label=ECHO4
RCC.DFSDMFreq_Value=96000000
PA5.GPIOParameters=GPIO_Label
PF7.Locked=true
PB14.GPIOParameters=GPIO_Label
RCC.CECFreq_Value=32786.88524590164
RCC.APB1TimFreq_Value=96000000
NVIC.BusFault_IRQn=true\:0\:0\:false\:false\:true\:true\:false
PF10.Mode=IN8
USB_OTG_FS.IPParameters=VirtualMode
PB10.GPIOParameters=GPIO_Label
PE6.Locked=true
SH.S_TIM2_CH4.ConfNb=1
RCC.DFSDMAudioFreq_Value=192000000
PE10.GPIO_Label=ECHO3
PD5.Locked=true
PA4.GPIO_Label=LQUAD_B
PD15.Signal=S_TIM4_CH4
ProjectManager.CustomerFirmwarePackage=
PC4.GPIOParameters=GPIO_Label
RCC.PLLSAIQCLKFreq_Value=192000000
PA6.GPIOParameters=GPIO_Label
PD6.GPIOParameters=GPIO_Label
Mcu.Pin80=PG11
Mcu.Pin81=PG13
PA0/WKUP.GPIOParameters=GPIO_Label
RCC.PLLQoutputFreq_Value=48000000
ProjectManager.ProjectFileName=motor-test.ioc
RCC.ADC12outputFreq_Value=72000000
Mcu.Pin79=PG9
PD9.GPIO_Label=STL_TX
PA15.GPIOParameters=GPIO_Speed,GPIO_Label
Mcu.PinsNb=95
TIM3.AutoReloadPreload=TIM_AUTORELOAD_PRELOAD_ENABLE
PC11.Locked=true
Mcu.Pin73=PD1
Mcu.Pin74=PD2
Mcu.Pin71=PC12
Mcu.Pin72=PD0
PC13.Locked=true
Mcu.Pin77=PD6
PG9.Locked=true
Mcu.Pin78=PD7
Mcu.Pin75=PD3
PG9.Signal=USART6_RX
PC13.Signal=GPXTI13
PA9.GPIO_Label=USB_VBUS`
Mcu.Pin76=PD5
PD3.Signal=GPIO_Output
PE1.Mode=Encoder_mode_occur1
Mcu.Pin70=PC11
PC2.Signal=ADCx_IN12
PC6.Signal=S_TIM8_CH1
PB11.GPIO_Label=SERVO4
PD13.GPIOParameters=GPIO_Label
PD7.Signal=GPIO_Output
PD1.Signal=GPXTI1
PA11.GPIO_Label=USB_DM
Mcu.Pin68=PA15
Mcu.Pin69=PC10
RCC.UART8Freq_Value=48000000
PC0.Signal=ADCx_IN10
PB14.Locked=true
RCC.APB1CLKDivider=RCC_HCLK_DIV2
PC11.GPIOParameters=GPIO_Label
Mcu.Pin62=PA9
PG14.Locked=true
Mcu.Pin63=PA10
PG13.GPIO_Label=RMII_TXD0 [LAN8742A-CZ-TR_TXD0]
Mcu.Pin60=PC9
SH.S_TIM2_CH1_ETR.ConfNb=1
Mcu.Pin61=PA8
Mcu.Pin66=PA13
SH.S_TIM8_CH2.0=TIM8_CH2
Mcu.Pin67=PA14
Mcu.Pin64=PA11
Mcu.Pin65=PA12
PF8.GPIO_Label=SERVO_POS
RCC.WatchDogFreq_Value=32000
PC3.GPIOParameters=GPIO_Label
TIM3.Channel-PWM\ Generation3\ CH3=TIM_CHANNEL_3
PB8.GPIO_Label=D15
PA11.Locked=true
PA15.Locked=true
Mcu.Pin59=PC8
Mcu.Pin57=PC6
SH.GPXTI2.ConfNb=1
Mcu.Pin58=PC7
Mcu.Pin51=PD12
RCC.USART6Freq_Value=96000000
Mcu.Pin52=PD13
Mcu.Pin50=PD9
Mcu.Pin55=PG6
Mcu.Pin56=PG7
Mcu.Pin53=PD14
ADC2.IPParameters=Rank-0\#ChannelRegularConversion,Channel-0\#ChannelRegularConversion,SamplingTime-0\#ChannelRegularConversion,NbrOfConversionFlag
PE8.GPIO_Label=ECHO7
Mcu.Pin54=PD15
PC6.Locked=true
PA9.Signal=USB_OTG_FS_VBUS
SH.S_TIM2_CH2.ConfNb=1
PB11.GPIOParameters=GPIO_Label
PB5.Locked=true
PB9.Locked=true
PD7.Locked=true
PE9.GPIO_Label=D6_PWM
PD8.Mode=Asynchronous
Mcu.Pin48=PB15
Mcu.Pin49=PD8
Mcu.Pin46=PB13
Mcu.Pin47=PB14
PB10.Signal=S_TIM2_CH3
PF3.GPIOParameters=GPIO_Label
PB14.Signal=GPIO_Output
PG6.GPIOParameters=GPIO_Label
PA5.Signal=SPI1_SCK
Mcu.Pin40=PE13
PD7.PinState=GPIO_PIN_RESET
Mcu.Pin41=PE14
PE13.GPIOParameters=GPIO_Label
Mcu.Pin44=PB11
SH.S_TIM8_CH1.0=TIM8_CH1
Mcu.Pin45=PB12
Mcu.Pin42=PE15
Mcu.Pin43=PB10
PE1.GPIO_Label=LQUAD_B
ProjectManager.LastFirmware=true
VP_SYS_VS_tim6.Signal=SYS_VS_tim6
PE14.Signal=GPIO_Input
PE15.Signal=GPIO_Input
Mcu.Pin37=PE10
PB4.GPIO_Label=LMOTOR_CTL1
Mcu.Pin38=PE11
RCC.PRESCALERUSB=RCC_USBCLKSOURCE_PLL_DIV1_5
Mcu.Pin35=PE8
PB15.GPIO_Label=SBC_TX
RCC.I2C1Freq_Value=48000000
Mcu.Pin36=PE9
PE8.Signal=GPIO_Input
RCC.PLLI2SPCLKFreq_Value=192000000
Mcu.Pin39=PE12
PG7.GPIO_Label=USB_OverCurrent [STMPS2151STR_FAULT]
RCC.RNGFreq_Value=48000000
PC2.GPIOParameters=GPIO_Label
Mcu.Pin30=PC5
PA1.GPIO_Label=RMII_REF_CLK [LAN8742A-CZ-TR_REFCLK0]
RCC.EthernetFreq_Value=96000000
SH.ADCx_IN12.ConfNb=1
Mcu.Pin33=PB2
TIM3.IPParameters=Channel-PWM Generation1 CH1,Channel-PWM Generation2 CH2,Channel-PWM Generation3 CH3,Channel-PWM Generation4 CH4,AutoReloadPreload,Prescaler,Period
PA0/WKUP.GPIO_Label=SERVO1
Mcu.Pin34=PE7
Mcu.Pin31=PB0
Mcu.Pin32=PB1
PA9.Locked=true
NVIC.NonMaskableInt_IRQn=true\:0\:0\:false\:false\:true\:true\:false
SH.S_TIM2_CH3.ConfNb=1
PC10.GPIOParameters=GPIO_Speed,GPIO_Label
TIM2.Period=SERVO_PERIOD
PE7.Locked=true
PA13.Mode=Serial_Wire
PG14.GPIO_Label=D1_TX
ProjectManager.FreePins=false
PC9.GPIOParameters=GPIO_Label
PF9.GPIOParameters=GPIO_Label
RCC.PLLI2SQCLKFreq_Value=192000000
Mcu.Pin26=PA5
Mcu.Pin27=PA6
RCC.RTCHSEDivFreq_Value=4000000
Mcu.Pin24=PA3
ProjectManager.UnderRoot=true
Mcu.Pin25=PA4
PE13.Locked=true
Mcu.Pin28=PA7
PC7.GPIO_Label=RQUAD_B
Mcu.Pin29=PC4
PB4.Locked=true
PA4.Signal=GPIO_Input
PD14.GPIOParameters=GPIO_Label
Mcu.Pin22=PA1
PB5.Signal=S_TIM3_CH2
Mcu.Pin23=PA2
Mcu.Pin20=PC3
PA3.Locked=true
Mcu.Pin21=PA0/WKUP
PE13.GPIO_Label=D3_PWM
PD12.Mode=Encoder_mode_occur1
PA5.GPIO_Label=D13_SCK
PA10.Locked=true
ADC2.NbrOfConversionFlag=1
NVIC.ForceEnableDMAVector=true
PA14.GPIOParameters=GPIO_Label
PC14/OSC32_IN.Locked=true
NVIC.MemoryManagement_IRQn=true\:0\:0\:false\:false\:true\:true\:false
PE5.GPIO_Label=DIO_MOSO
PC12.GPIO_Label=WOW_EN
ProjectManager.CompilerOptimize=6
PD15.Locked=true
PA11.Signal=USB_OTG_FS_DM
SH.S_TIM2_CH1_ETR.0=TIM2_CH1,PWM Generation1 CH1
ProjectManager.HeapSize=0x200
Mcu.Pin15=PH0/OSC_IN
NVIC.HardFault_IRQn=true\:0\:0\:false\:false\:true\:true\:false
Mcu.Pin16=PH1/OSC_OUT
Mcu.Pin13=PF9
Mcu.Pin14=PF10
PF8.Locked=true
PF10.GPIOParameters=GPIO_Label
Mcu.Pin19=PC2
SH.S_TIM3_CH1.ConfNb=1
ProjectManager.ComputerToolchain=false
PF9.Signal=GPIO_Input
Mcu.Pin17=PC0
Mcu.Pin18=PC1
RCC.TIM3Freq_Value=72000000
NVIC.PriorityGroup=NVIC_PRIORITYGROUP_4
Mcu.Pin11=PF7
TIM3.Channel-PWM\ Generation2\ CH2=TIM_CHANNEL_2
PF0.GPIO_Label=MISC_SDA
Mcu.Pin12=PF8
PD0.GPIOParameters=GPIO_Label
Mcu.Pin10=PF5
PE2.Locked=true
PC3.GPIO_Label=A2
PF3.Locked=true
PC15/OSC32_OUT.Signal=RCC_OSC32_OUT
PE12.GPIOParameters=GPIO_Label
SH.GPXTI1.ConfNb=1
PD2.Signal=GPXTI2
RCC.I2C2Freq_Value=48000000
RCC.SDMMC2Freq_Value=96000000
PD1.Locked=true
PB0.Signal=GPIO_Output
PA7.GPIOParameters=GPIO_Label
PC0.Locked=true
PB12.GPIOParameters=GPIO_Label
PC1.Signal=ETH_MDC
PG7.GPIOParameters=GPIO_Label
PD2.GPIO_Label=ECHO1
PD7.GPIOParameters=PinState,GPIO_Label
PH0/OSC_IN.GPIOParameters=GPIO_Label
Mcu.Family=STM32F7
SH.GPXTI1.0=GPIO_EXTI1
ProjectManager.MainLocation=Core/Src
RCC.MCOFreq_Value=72000000
SH.S_TIM4_CH2.ConfNb=1
RCC.SAI1Freq_Value=192000000
RCC.CortexFreq_Value=96000000
PG6.Signal=GPIO_Output
PG9.GPIOParameters=GPIO_Label
ProjectManager.KeepUserCode=true
Mcu.UserName=STM32F767ZITx
PD9.GPIOParameters=GPIO_Label
ADC2.Channel-0\#ChannelRegularConversion=ADC_CHANNEL_13
PE11.GPIO_Label=D5_PWM
PC10.Locked=true
PG6.Locked=true
PC10.Signal=SPI3_SCK
PC5.Locked=true
RCC.SYSCLKSourceVirtual=RCC_SYSCLKSOURCE_PLLCLK
PB2.GPIO_Speed=GPIO_SPEED_FREQ_VERY_HIGH
PF0.GPIOParameters=GPIO_Label
PA12.GPIOParameters=GPIO_Label
ProjectManager.functionlistsort=1-MX_GPIO_Init-GPIO-false-HAL-true,2-SystemClock_Config-RCC-false-HAL-false,3-MX_USART3_UART_Init-USART3-false-HAL-true,4-MX_USB_OTG_FS_PCD_Init-USB_OTG_FS-false-HAL-true,5-MX_ADC2_Init-ADC2-false-HAL-true,6-MX_ADC3_Init-ADC3-false-HAL-true,7-MX_LPTIM1_Init-LPTIM1-false-HAL-true,8-MX_TIM3_Init-TIM3-false-HAL-true,9-MX_SPI3_Init-SPI3-false-HAL-true,10-MX_TIM2_Init-TIM2-false-HAL-true,0-MX_CORTEX_M7_Init-CORTEX_M7-false-HAL-true
PC0.GPIOParameters=GPIO_Label
PA9.GPIOParameters=GPIO_Label
PA11.GPIOParameters=GPIO_Label
PC0.GPIO_Label=A1
PD0.GPIO_Label=SBC_ALIVE
PA11.Mode=Device_Only
PA0/WKUP.Signal=S_TIM2_CH1_ETR
PC9.Locked=true
PD6.Locked=true
PC14/OSC32_IN.Mode=LSE-External-Oscillator
PB0.GPIO_Label=GRN_LED
RCC.PLLI2SRCLKFreq_Value=192000000
PC10.GPIO_Speed=GPIO_SPEED_FREQ_VERY_HIGH
RCC.USART2Freq_Value=48000000
PD2.Locked=true
SH.S_TIM1_CH3.ConfNb=1
PC13.GPIO_Label=USER_BTN
PC1.Locked=true
PB13.GPIO_Label=LIDAR_RX
PB11.Signal=S_TIM2_CH4
PB15.Signal=USART1_RX
ADC3.Channel-0\#ChannelRegularConversion=ADC_CHANNEL_9
PD9.Mode=Asynchronous
PG11.Signal=ETH_TX_EN
PE5.GPIOParameters=GPIO_Label
ProjectManager.StackSize=0x400
PB5.GPIOParameters=GPIO_Label
SH.GPXTI2.0=GPIO_EXTI2
RCC.I2C3Freq_Value=48000000
PD13.Signal=S_TIM4_CH2
Mcu.IP4=NVIC
Mcu.IP5=RCC
RCC.FCLKCortexFreq_Value=96000000
PD13.Locked=true
Mcu.IP2=CORTEX_M7
Mcu.IP3=LPTIM1
PA15.GPIO_Label=LEDS_NSS
PB4.GPIOParameters=GPIO_Label
Mcu.IP0=ADC2
PA12.Locked=true
Mcu.IP1=ADC3
PA12.Signal=USB_OTG_FS_DP
PE4.GPIOParameters=GPIO_Label
Mcu.UserConstants=MTR_PWM_PERIOD,1280;SERVO_PERIOD,20000;SERVO_PRESCALER,96
PF9.Locked=true
PF1.GPIOParameters=GPIO_Label
PC1.GPIOParameters=GPIO_Label
RCC.SDMMCFreq_Value=96000000
PF5.Locked=true
SH.GPXTI13.ConfNb=1
Mcu.ThirdPartyNb=0
PH0/OSC_IN.Mode=HSE-External-Clock-Source
RCC.HCLKFreq_Value=96000000
SH.ADCx_IN3.0=ADC2_IN3,IN3
Mcu.IPNb=12
RCC.I2SClocksFreq_Value=48000000
RCC.PLLI2SRoutputFreq_Value=192000000
ProjectManager.PreviousToolchain=STM32CubeIDE
PF1.Locked=true
TIM3.Period=MTR_PWM_PERIOD
RCC.SPDIFRXFreq_Value=192000000
RCC.VcooutputI2S=48000000
PA0/WKUP.Locked=true
SH.ADCx_IN3.ConfNb=1
PD8.GPIOParameters=GPIO_Label
Mcu.Pin6=PC15/OSC32_OUT
Mcu.Pin7=PF0
Mcu.Pin8=PF1
Mcu.Pin9=PF3
RCC.VCOSAIOutputFreq_Value=384000000
RCC.AHBFreq_Value=96000000
RCC.TIM2Freq_Value=72000000
Mcu.Pin0=PE2
SPI3.DataSize=SPI_DATASIZE_16BIT
Mcu.Pin1=PE4
TIM3.Channel-PWM\ Generation1\ CH1=TIM_CHANNEL_1
GPIO.groupedBy=Group By Peripherals
Mcu.Pin2=PE5
Mcu.Pin3=PE6
Mcu.Pin4=PC13
Mcu.Pin5=PC14/OSC32_IN
RCC.HSE_VALUE=8000000
NVIC.DebugMonitor_IRQn=true\:0\:0\:false\:false\:true\:true\:false
Mcu.IP10=USART3
PA15.Mode=NSS_Signal_Hard_Output
NVIC.SysTick_IRQn=true\:0\:0\:false\:false\:true\:true\:true
RCC.PLLMUL=RCC_PLL_MUL9
Mcu.IP11=USB_OTG_FS
PE13.Signal=S_TIM1_CH3
PF7.GPIO_Label=FPGA_RX
RCC.VCOInputFreq_Value=2000000
PA14.Mode=Serial_Wire
PE8.Locked=true
TIM3.Prescaler=2
PC11.GPIO_Label=LEDS_MISO
File.Version=6
PA10.GPIO_Label=USB_ID
SH.ADCx_IN13.ConfNb=1
PB3.GPIOParameters=GPIO_Label
PB7.Signal=GPIO_Output
PB8.Locked=true
TIM2.Channel-PWM\ Generation1\ CH1=TIM_CHANNEL_1
SH.S_TIM3_CH1.0=TIM3_CH1,PWM Generation1 CH1
PH1/OSC_OUT.Mode=HSE-External-Clock-Source
PE4.Signal=SPI4_NSS
PE6.GPIOParameters=GPIO_Label
PB6.GPIOParameters=GPIO_Label
PB0.Locked=true
ProjectManager.ProjectName=motor-test
PD7.GPIO_Label=ESTOP
PA13.GPIOParameters=GPIO_Label
PB7.GPIO_Label=BLUE_LED
PD13.GPIO_Label=LIDAR_PWM
PA6.Signal=SPI1_MISO
PA7.Locked=true
PG11.Locked=true
PC14/OSC32_IN.Signal=RCC_OSC32_IN
PD5.GPIO_Label=WOW_RX
ProjectManager.ToolChainLocation=
PA2.GPIO_Label=RMII_MDIO [LAN8742A-CZ-TR_MDIO]
PD14.Locked=true
RCC.LSI_VALUE=32000
PF5.GPIO_Label=A4_SDA
USB_OTG_FS.VirtualMode=Device_Only
PA15.Signal=SPI3_NSS
PF8.Signal=ADC3_IN6
ADC2.SamplingTime-0\#ChannelRegularConversion=ADC_SAMPLETIME_3CYCLES
PE0.GPIO_Label=INT0
PF5.Signal=ADC3_IN15
RCC.TIM16Freq_Value=72000000
Mcu.Pin93=VP_TIM2_VS_ClockSourceINT
Mcu.Pin94=VP_TIM3_VS_ClockSourceINT
PB5.GPIO_Label=LMOTOR_CTL2
PC4.Locked=true
Mcu.Pin91=PE1
Mcu.Pin92=VP_SYS_VS_tim6
SPI3.IPParameters=VirtualType,Mode,Direction,CalculateBaudRate,VirtualNSS,DataSize,BaudRatePrescaler
PG11.GPIO_Label=RMII_TX_EN [LAN8742A-CZ-TR_TXEN]
PF0.Signal=I2C2_SDA
PC5.Signal=ETH_RXD1
PD3.GPIO_Label=ESTOP_CLR
Mcu.Pin90=PE0
PE7.Signal=UART7_RX
ADC2.Rank-0\#ChannelRegularConversion=1
PD6.Signal=USART2_RX
PF3.GPIO_Label=A3
PE2.GPIO_Label=DIO_SCK
PC2.GPIO_Label=SERVO_CUR
PE12.Locked=true
VP_TIM3_VS_ClockSourceINT.Mode=Internal
Mcu.Pin84=PB4
Mcu.Pin85=PB5
PB15.Locked=true
Mcu.Pin82=PG14
PB3.Locked=true
PB4.Signal=S_TIM3_CH1
Mcu.Pin83=PB3
PA3.Signal=ADCx_IN3
Mcu.Pin88=PB8
Mcu.Pin89=PB9
Mcu.Pin86=PB6
PA2.Locked=true
PB3.GPIO_Label=SERVO2
Mcu.Pin87=PB7
RCC.I2SFreq_Value=192000000
PE8.GPIOParameters=GPIO_Label
TIM2.Channel-PWM\ Generation4\ CH4=TIM_CHANNEL_4
SH.ADCx_IN13.0=ADC2_IN13,IN13
PD15.GPIO_Label=D9_PWM
PG7.Locked=true
PB8.GPIOParameters=GPIO_Label
PG7.Signal=GPIO_Input
RCC.UART7Freq_Value=48000000
PF3.Mode=IN9
PE14.GPIOParameters=GPIO_Label
PB9.GPIO_Label=D14
PC10.GPIO_Label=LEDS_SCK
PC9.GPIO_Label=A4_SDA
ProjectManager.NoMain=false
SH.S_TIM4_CH4.0=TIM4_CH4
PC11.Signal=SPI3_MISO
RCC.PLLRFreq_Value=96000000
PC8.Signal=S_TIM3_CH3
PC4.Signal=ETH_RXD0
PC10.Mode=TX_Only_Simplex_Unidirect_Master
ProjectManager.DefaultFWLocation=true
PE14.GPIO_Label=ECHO5
PD9.Signal=USART3_RX
PD5.Signal=USART2_TX
PB12.Locked=true
ProjectManager.DeletePrevious=true
PB10.Locked=true
RCC.LCDTFToutputFreq_Value=96000000
boardIOC=true
SH.S_TIM3_CH3.0=TIM3_CH3,PWM Generation3 CH3
PA12.GPIO_Label=USB_DP
PF5.Mode=IN15
RCC.FamilyName=M
PE9.GPIOParameters=GPIO_Label
PE15.GPIOParameters=GPIO_Label
PD8.GPIO_Label=STL_RX
PB9.GPIOParameters=GPIO_Label
PD12.Locked=true
PC8.GPIO_Label=RMOTOR_CTL1
PC12.GPIOParameters=GPIO_Label
PA13.Signal=SYS_JTMS-SWDIO
SH.S_TIM2_CH2.0=TIM2_CH2
PA9.Mode=Activate_VBUS
SH.ADCx_IN12.0=ADC3_IN12,IN12
ADC3.SamplingTime-0\#ChannelRegularConversion=ADC_SAMPLETIME_3CYCLES
SH.S_TIM1_CH1.0=TIM1_CH1
PE15.GPIO_Label=ECHO6
PD12.GPIOParameters=GPIO_Label
ProjectManager.TargetToolchain=STM32CubeIDE
PB10.GPIO_Label=SERVO3
PE7.GPIOParameters=GPIO_Label
SH.S_TIM3_CH3.ConfNb=1
SH.S_TIM4_CH3.0=TIM4_CH3
PB7.GPIOParameters=GPIO_Label
PC5.GPIOParameters=GPIO_Label
PB2.GPIOParameters=GPIO_Speed,GPIO_Label
PE4.Locked=true
PE2.GPIOParameters=GPIO_Label
PC2.Locked=true
ProjectManager.RegisterCallBack=
PE0.Locked=true
RCC.USBFreq_Value=48000000
PF5.GPIOParameters=GPIO_Label
PF9.GPIO_Label=ECHO2
VP_TIM3_VS_ClockSourceINT.Signal=TIM3_VS_ClockSourceINT
RCC.PLLSAIoutputFreq_Value=192000000
PE11.Signal=S_TIM1_CH2
PD3.Locked=true
PA1.Signal=ETH_REF_CLK
PB1.Locked=true
SH.S_TIM1_CH2.ConfNb=1
SH.S_TIM4_CH3.ConfNb=1
RCC.VCOI2SOutputFreq_Value=384000000
PG9.GPIO_Label=D0_RX
PG14.Signal=USART6_TX
SH.S_TIM3_CH2.0=TIM3_CH2,PWM Generation2 CH2
RCC.PLLSAIPCLKFreq_Value=192000000
board=NUCLEO-F767ZI
RCC.VCOOutputFreq_Value=192000000
RCC.VCOOutput2Freq_Value=8000000
PH0/OSC_IN.Signal=RCC_OSC_IN
RCC.APB2Freq_Value=96000000
RCC.TIM8Freq_Value=72000000
RCC.UART4Freq_Value=48000000
SPI3.CalculateBaudRate=3.0 MBits/s
MxCube.Version=6.2.0
SH.S_TIM1_CH2.0=TIM1_CH2
VP_TIM2_VS_ClockSourceINT.Mode=Internal
SH.S_TIM2_CH3.0=TIM2_CH3,PWM Generation3 CH3
PC13.GPIOParameters=GPIO_Label
PF10.Signal=ADC3_IN8
SH.ADCx_IN10.ConfNb=1
SPI3.BaudRatePrescaler=SPI_BAUDRATEPRESCALER_16
PC1.GPIO_Label=RMII_MDC [LAN8742A-CZ-TR_MDC]
PA10.GPIOParameters=GPIO_Label
TIM2.Channel-PWM\ Generation3\ CH3=TIM_CHANNEL_3
PD14.GPIO_Label=D10_PWM_NSS
PA4.GPIOParameters=GPIO_Label
PE5.Locked=true
PF0.Locked=true
PF1.Signal=I2C2_SCL
PE6.Signal=SPI4_MOSI
RCC.UART5Freq_Value=48000000
PB15.GPIOParameters=GPIO_Label
RCC.IPParameters=48MHZClocksFreq_Value,ADC12outputFreq_Value,ADC34outputFreq_Value,AHBFreq_Value,APB1CLKDivider,APB1Freq_Value,APB1TimFreq_Value,APB2Freq_Value,APB2TimFreq_Value,CECFreq_Value,CortexFreq_Value,DFSDMAudioFreq_Value,DFSDMFreq_Value,EthernetFreq_Value,FCLKCortexFreq_Value,FamilyName,HCLKFreq_Value,HSE_VALUE,HSI_VALUE,I2C1Freq_Value,I2C2Freq_Value,I2C3Freq_Value,I2C4Freq_Value,I2SClocksFreq_Value,I2SFreq_Value,LCDTFTFreq_Value,LCDTFToutputFreq_Value,LPTIM1Freq_Value,LSI_VALUE,MCO1PinFreq_Value,MCO2PinFreq_Value,MCOFreq_Value,PLLCLKFreq_Value,PLLI2SPCLKFreq_Value,PLLI2SQCLKFreq_Value,PLLI2SRCLKFreq_Value,PLLI2SRoutputFreq_Value,PLLM,PLLMCOFreq_Value,PLLMUL,PLLN,PLLQ,PLLQCLKFreq_Value,PLLQoutputFreq_Value,PLLRFreq_Value,PLLSAIPCLKFreq_Value,PLLSAIQCLKFreq_Value,PLLSAIRCLKFreq_Value,PLLSAIoutputFreq_Value,PRESCALERUSB,RNGFreq_Value,RTCFreq_Value,RTCHSEDivFreq_Value,SAI1Freq_Value,SAI2Freq_Value,SDMMC2Freq_Value,SDMMCFreq_Value,SPDIFRXFreq_Value,SYSCLKFreq_VALUE,SYSCLKSource,SYSCLKSourceVirtual,TIM15Freq_Value,TIM16Freq_Value,TIM17Freq_Value,TIM1Freq_Value,TIM20Freq_Value,TIM2Freq_Value,TIM3Freq_Value,TIM8Freq_Value,UART4Freq_Value,UART5Freq_Value,UART7Freq_Value,UART8Freq_Value,USART1Freq_Value,USART2Freq_Value,USART3Freq_Value,USART6Freq_Value,USBFreq_Value,VCOI2SOutputFreq_Value,VCOInputFreq_Value,VCOOutput2Freq_Value,VCOOutputFreq_Value,VCOSAIOutputFreq_Value,VcooutputI2S,WatchDogFreq_Value
PE11.Locked=true
ProjectManager.AskForMigrate=true
Mcu.Name=STM32F767ZITx
PE0.Signal=GPIO_Input
PE7.GPIO_Label=FPGA_TX
PE12.Signal=GPIO_Input
PA2.Signal=ETH_MDIO
PA13.GPIO_Label=SWDIO
PB2.Locked=true
Mcu.IP8=TIM2
Mcu.IP9=TIM3
PD14.Signal=S_TIM4_CH3
Mcu.IP6=SPI3
Mcu.IP7=SYS
ProjectManager.CoupleFile=true
RCC.48MHZClocksFreq_Value=24000000
PB3.Signal=S_TIM2_CH2
RCC.SYSCLKFreq_VALUE=96000000
PA1.Locked=true
PA7.GPIO_Label=D11_PWM_MOSI
PA12.Mode=Device_Only
KeepUserPlacement=false
PC5.GPIO_Label=RMII_RXD1 [LAN8742A-CZ-TR_RXD1]
PC15/OSC32_OUT.Mode=LSE-External-Oscillator
PB2.Mode=TX_Only_Simplex_Unidirect_Master
PA13.Locked=true
PA15.GPIO_Speed=GPIO_SPEED_FREQ_VERY_HIGH
PA14.Signal=SYS_JTCK-SWCLK
SH.ADCx_IN10.0=ADC3_IN10,IN10
PB2.GPIO_Label=LEDS_MOSI
SH.S_TIM2_CH4.0=TIM2_CH4,PWM Generation4 CH4
SH.S_TIM1_CH3.0=TIM1_CH3
PC6.GPIOParameters=GPIO_Label
RCC.TIM20Freq_Value=72000000
RCC.HSI_VALUE=16000000
PH0/OSC_IN.GPIO_Label=MCO [STM32F103CBT6_PA8]
SH.S_TIM3_CH4.ConfNb=1
RCC.PLLQ=4
RCC.PLLM=4
RCC.PLLN=96
PB7.Locked=true
PB8.Signal=GPIO_Input
PC8.Locked=true
PC9.Signal=I2C3_SDA
PD9.Locked=true
RCC.APB1Freq_Value=48000000
ADC3.NbrOfConversionFlag=1
PB11.Locked=true
ProjectManager.DeviceId=STM32F767ZITx
SH.S_TIM8_CH2.ConfNb=1
PB12.Signal=UART5_RX
ProjectManager.LibraryCopy=1
PG11.GPIOParameters=GPIO_Label
PE1.GPIOParameters=GPIO_Label
PA3.GPIO_Label=A0
SH.S_TIM3_CH4.0=TIM3_CH4,PWM Generation4 CH4
PB1.GPIOParameters=GPIO_Label
PA7.Signal=SPI1_MOSI
PA6.Locked=true
isbadioc=false
